
Microsoft Visual Studio Solution File, Format Version 12.00
# Visual Studio 15
VisualStudioVersion = 15.0.27428.2015
MinimumVisualStudioVersion = 10.0.40219.1
Project("{8BC9CEB8-8B4A-11D0-8D11-00A0C91BC942}") = "15683", "15683\15683.vcxproj", "{E230E9B2-9B74-467B-816A-9FBFC3495F00}"
EndProject
Global
	GlobalSection(SolutionConfigurationPlatforms) = preSolution
		Debug|x64 = Debug|x64
		Debug|x86 = Debug|x86
		Release|x64 = Release|x64
		Release|x86 = Release|x86
	EndGlobalSection
	GlobalSection(ProjectConfigurationPlatforms) = postSolution
		{E230E9B2-9B74-467B-816A-9FBFC3495F00}.Debug|x64.ActiveCfg = Debug|x64
		{E230E9B2-9B74-467B-816A-9FBFC3495F00}.Debug|x64.Build.0 = Debug|x64
		{E230E9B2-9B74-467B-816A-9FBFC3495F00}.Debug|x86.ActiveCfg = Debug|Win32
		{E230E9B2-9B74-467B-816A-9FBFC3495F00}.Debug|x86.Build.0 = Debug|Win32
		{E230E9B2-9B74-467B-816A-9FBFC3495F00}.Release|x64.ActiveCfg = Release|x64
		{E230E9B2-9B74-467B-816A-9FBFC3495F00}.Release|x64.Build.0 = Release|x64
		{E230E9B2-9B74-467B-816A-9FBFC3495F00}.Release|x86.ActiveCfg = Release|Win32
		{E230E9B2-9B74-467B-816A-9FBFC3495F00}.Release|x86.Build.0 = Release|Win32
	EndGlobalSection
	GlobalSection(SolutionProperties) = preSolution
		HideSolutionNode = FALSE
	EndGlobalSection
	GlobalSection(ExtensibilityGlobals) = postSolution
		SolutionGuid = {914E0826-90AB-4912-AE63-2A31A629594A}
	EndGlobalSection
EndGlobal
